// !$*UTF8*$!
{
	archiveVersion = 1;
	classes = {
	};
	objectVersion = 56;
	objects = {

/* Begin PBXBuildFile section */
		7D1228442A2F6355003FD3EE /* SelectDepartureDate.swift in Sources */ = {isa = PBXBuildFile; fileRef = 7D1228432A2F6355003FD3EE /* SelectDepartureDate.swift */; };
		7D1228462A2F75F3003FD3EE /* SelectDepAndArDateViewModel.swift in Sources */ = {isa = PBXBuildFile; fileRef = 7D1228452A2F75F3003FD3EE /* SelectDepAndArDateViewModel.swift */; };
		7D168C992A30689C0063A7C8 /* SelectPassangerView.swift in Sources */ = {isa = PBXBuildFile; fileRef = 7D168C982A30689C0063A7C8 /* SelectPassangerView.swift */; };
		7D168C9B2A307F8D0063A7C8 /* SelectPasangerViewModel.swift in Sources */ = {isa = PBXBuildFile; fileRef = 7D168C9A2A307F8D0063A7C8 /* SelectPasangerViewModel.swift */; };
		7D24BA2A2A3CCD9000C99F49 /* PassengerInfo.swift in Sources */ = {isa = PBXBuildFile; fileRef = 7D24BA292A3CCD9000C99F49 /* PassengerInfo.swift */; };
		7D24BA2C2A3CCDEE00C99F49 /* PassengerInfoError.swift in Sources */ = {isa = PBXBuildFile; fileRef = 7D24BA2B2A3CCDEE00C99F49 /* PassengerInfoError.swift */; };
		7D27E0D52A3C4D1200E530FA /* PhoneNumberError.swift in Sources */ = {isa = PBXBuildFile; fileRef = 7D27E0D42A3C4D1200E530FA /* PhoneNumberError.swift */; };
		7D2FBDBE2A321C2200BB6E37 /* FlightTicket.swift in Sources */ = {isa = PBXBuildFile; fileRef = 7D2FBDBD2A321C2200BB6E37 /* FlightTicket.swift */; };
		7D2FBDC12A321DE100BB6E37 /* FlightTicketService.swift in Sources */ = {isa = PBXBuildFile; fileRef = 7D2FBDC02A321DE100BB6E37 /* FlightTicketService.swift */; };
		7D35B0C62A3DB08C0002F061 /* CardInfoError.swift in Sources */ = {isa = PBXBuildFile; fileRef = 7D35B0C52A3DB08C0002F061 /* CardInfoError.swift */; };
		7D39B5C52A292A8E006C7A96 /* FlightView.swift in Sources */ = {isa = PBXBuildFile; fileRef = 7D39B5C42A292A8E006C7A96 /* FlightView.swift */; };
		7D3B485B2A373C2B002DC90C /* FlightTicketCell.swift in Sources */ = {isa = PBXBuildFile; fileRef = 7D3B485A2A373C2B002DC90C /* FlightTicketCell.swift */; };
		7D3B48612A373DED002DC90C /* FlightTicketReturnView.swift in Sources */ = {isa = PBXBuildFile; fileRef = 7D3B48602A373DED002DC90C /* FlightTicketReturnView.swift */; };
		7D3B48672A373F0E002DC90C /* FlightInfoView.swift in Sources */ = {isa = PBXBuildFile; fileRef = 7D3B48662A373F0E002DC90C /* FlightInfoView.swift */; };
		7D3B486C2A379102002DC90C /* PassengerAndPayInfo.swift in Sources */ = {isa = PBXBuildFile; fileRef = 7D3B486B2A379102002DC90C /* PassengerAndPayInfo.swift */; };
		7D3D35F42A38A049001DE980 /* TimesOfDay.swift in Sources */ = {isa = PBXBuildFile; fileRef = 7D3D35F32A38A049001DE980 /* TimesOfDay.swift */; };
		7D3D35F62A38AC3E001DE980 /* Extension+FlightViewModel.swift in Sources */ = {isa = PBXBuildFile; fileRef = 7D3D35F52A38AC3E001DE980 /* Extension+FlightViewModel.swift */; };
		7D3D35FD2A38AE44001DE980 /* Extension+FlightTicketSearchViewModel.swift in Sources */ = {isa = PBXBuildFile; fileRef = 7D3D35FC2A38AE44001DE980 /* Extension+FlightTicketSearchViewModel.swift */; };
		7D4394392A28B3D600BDAB65 /* TravelAppApp.swift in Sources */ = {isa = PBXBuildFile; fileRef = 7D4394382A28B3D600BDAB65 /* TravelAppApp.swift */; };
		7D43943D2A28B3D700BDAB65 /* Assets.xcassets in Resources */ = {isa = PBXBuildFile; fileRef = 7D43943C2A28B3D700BDAB65 /* Assets.xcassets */; };
		7D4394402A28B3D700BDAB65 /* Preview Assets.xcassets in Resources */ = {isa = PBXBuildFile; fileRef = 7D43943F2A28B3D700BDAB65 /* Preview Assets.xcassets */; };
		7D4394542A28B3D700BDAB65 /* TravelAppUITests.swift in Sources */ = {isa = PBXBuildFile; fileRef = 7D4394532A28B3D700BDAB65 /* TravelAppUITests.swift */; };
		7D4394562A28B3D700BDAB65 /* TravelAppUITestsLaunchTests.swift in Sources */ = {isa = PBXBuildFile; fileRef = 7D4394552A28B3D700BDAB65 /* TravelAppUITestsLaunchTests.swift */; };
		7D4394672A28BB5300BDAB65 /* SlidingTabView in Frameworks */ = {isa = PBXBuildFile; productRef = 7D4394662A28BB5300BDAB65 /* SlidingTabView */; };
		7D4394692A28BB7300BDAB65 /* Extension.swift in Sources */ = {isa = PBXBuildFile; fileRef = 7D4394682A28BB7300BDAB65 /* Extension.swift */; };
		7D43946D2A28C44800BDAB65 /* HomeView.swift in Sources */ = {isa = PBXBuildFile; fileRef = 7D43946C2A28C44800BDAB65 /* HomeView.swift */; };
		7D45E4FC2A30C414001D388A /* SelectedPassengerViewModelTest.swift in Sources */ = {isa = PBXBuildFile; fileRef = 7D45E4FB2A30C414001D388A /* SelectedPassengerViewModelTest.swift */; };
		7D67C1142A30FDB300B6B14F /* FilterView.swift in Sources */ = {isa = PBXBuildFile; fileRef = 7D67C1132A30FDB300B6B14F /* FilterView.swift */; };
		7D67C11A2A3105A400B6B14F /* ClassRow.swift in Sources */ = {isa = PBXBuildFile; fileRef = 7D67C1192A3105A400B6B14F /* ClassRow.swift */; };
		7D67C11D2A31093B00B6B14F /* FlightTicketDeptureView.swift in Sources */ = {isa = PBXBuildFile; fileRef = 7D67C11C2A31093B00B6B14F /* FlightTicketDeptureView.swift */; };
		7D67C1212A31096800B6B14F /* FlightTicketSearchViewModel.swift in Sources */ = {isa = PBXBuildFile; fileRef = 7D67C1202A31096800B6B14F /* FlightTicketSearchViewModel.swift */; };
		7D67C1252A3117F400B6B14F /* FlightTicketSearchViewModelUnitTest.swift in Sources */ = {isa = PBXBuildFile; fileRef = 7D67C1242A3117F400B6B14F /* FlightTicketSearchViewModelUnitTest.swift */; };
		7D6D81672A2F9C06001FDBAF /* Extension+HomeView.swift in Sources */ = {isa = PBXBuildFile; fileRef = 7D6D81662A2F9C06001FDBAF /* Extension+HomeView.swift */; };
		7D6D81692A2FABDB001FDBAF /* SelectArrvivelDate.swift in Sources */ = {isa = PBXBuildFile; fileRef = 7D6D81682A2FABDB001FDBAF /* SelectArrvivelDate.swift */; };
		7D741B022A2E1E04004357A4 /* DataResult.swift in Sources */ = {isa = PBXBuildFile; fileRef = 7D741B012A2E1E04004357A4 /* DataResult.swift */; };
		7D741B042A2E1E19004357A4 /* RequestType.swift in Sources */ = {isa = PBXBuildFile; fileRef = 7D741B032A2E1E19004357A4 /* RequestType.swift */; };
		7D741B062A2E1E2C004357A4 /* Network.swift in Sources */ = {isa = PBXBuildFile; fileRef = 7D741B052A2E1E2C004357A4 /* Network.swift */; };
		7D741B082A2E1E3E004357A4 /* ServiceManager.swift in Sources */ = {isa = PBXBuildFile; fileRef = 7D741B072A2E1E3E004357A4 /* ServiceManager.swift */; };
		7D741B0B2A2E1E6B004357A4 /* FlightService.swift in Sources */ = {isa = PBXBuildFile; fileRef = 7D741B0A2A2E1E6B004357A4 /* FlightService.swift */; };
		7D741B132A2E2EB4004357A4 /* FlightViewModelTest.swift in Sources */ = {isa = PBXBuildFile; fileRef = 7D741B122A2E2EB4004357A4 /* FlightViewModelTest.swift */; };
		7DA1505E2A3C580C002307D9 /* PassengerAndPayViewUnitTest.swift in Sources */ = {isa = PBXBuildFile; fileRef = 7DA1505D2A3C580C002307D9 /* PassengerAndPayViewUnitTest.swift */; };
		7DA150632A3C6228002307D9 /* EmailError.swift in Sources */ = {isa = PBXBuildFile; fileRef = 7DA150622A3C6228002307D9 /* EmailError.swift */; };
		7DC85BE22A2A8E3900AB46E3 /* SelectFromLocationView.swift in Sources */ = {isa = PBXBuildFile; fileRef = 7DC85BE12A2A8E3900AB46E3 /* SelectFromLocationView.swift */; };
		7DC85BE82A2A913200AB46E3 /* Flight.swift in Sources */ = {isa = PBXBuildFile; fileRef = 7DC85BE72A2A913200AB46E3 /* Flight.swift */; };
		7DC85BEB2A2A97A200AB46E3 /* FlightViewModel.swift in Sources */ = {isa = PBXBuildFile; fileRef = 7DC85BEA2A2A97A200AB46E3 /* FlightViewModel.swift */; };
		7DD020D32A39EF080048AB04 /* FlightInfoViewModel.swift in Sources */ = {isa = PBXBuildFile; fileRef = 7DD020D22A39EF070048AB04 /* FlightInfoViewModel.swift */; };
		7DD020D52A3A048A0048AB04 /* PassengerAndPayInfoViewModel.swift in Sources */ = {isa = PBXBuildFile; fileRef = 7DD020D42A3A048A0048AB04 /* PassengerAndPayInfoViewModel.swift */; };
		7DD020DA2A3A095C0048AB04 /* countryPhoneCode.json in Resources */ = {isa = PBXBuildFile; fileRef = 7DD020D92A3A095C0048AB04 /* countryPhoneCode.json */; };
		7DD020DD2A3A0C970048AB04 /* FilePath.swift in Sources */ = {isa = PBXBuildFile; fileRef = 7DD020DC2A3A0C970048AB04 /* FilePath.swift */; };
		7DD020E12A3A0E710048AB04 /* JsonServiceManager.swift in Sources */ = {isa = PBXBuildFile; fileRef = 7DD020E02A3A0E710048AB04 /* JsonServiceManager.swift */; };
		7DD020E42A3A12160048AB04 /* CountryPhoneCode.swift in Sources */ = {isa = PBXBuildFile; fileRef = 7DD020E32A3A12160048AB04 /* CountryPhoneCode.swift */; };
		7DDD6D4C2A33C6260003C478 /* SelectToLocationView.swift in Sources */ = {isa = PBXBuildFile; fileRef = 7DDD6D4B2A33C6260003C478 /* SelectToLocationView.swift */; };
		7DDD6D4E2A33C6B80003C478 /* Extension+SelectToLocationView.swift in Sources */ = {isa = PBXBuildFile; fileRef = 7DDD6D4D2A33C6B80003C478 /* Extension+SelectToLocationView.swift */; };
		7DE1C6F92A2CADEB00A0DD79 /* Extension+SelectionFromToView.swift in Sources */ = {isa = PBXBuildFile; fileRef = 7DE1C6F82A2CADEB00A0DD79 /* Extension+SelectionFromToView.swift */; };
/* End PBXBuildFile section */

/* Begin PBXContainerItemProxy section */
		7D4394462A28B3D700BDAB65 /* PBXContainerItemProxy */ = {
			isa = PBXContainerItemProxy;
			containerPortal = 7D43942D2A28B3D500BDAB65 /* Project object */;
			proxyType = 1;
			remoteGlobalIDString = 7D4394342A28B3D600BDAB65;
			remoteInfo = TravelApp;
		};
		7D4394502A28B3D700BDAB65 /* PBXContainerItemProxy */ = {
			isa = PBXContainerItemProxy;
			containerPortal = 7D43942D2A28B3D500BDAB65 /* Project object */;
			proxyType = 1;
			remoteGlobalIDString = 7D4394342A28B3D600BDAB65;
			remoteInfo = TravelApp;
		};
/* End PBXContainerItemProxy section */

/* Begin PBXFileReference section */
		7D1228432A2F6355003FD3EE /* SelectDepartureDate.swift */ = {isa = PBXFileReference; lastKnownFileType = sourcecode.swift; path = SelectDepartureDate.swift; sourceTree = "<group>"; };
		7D1228452A2F75F3003FD3EE /* SelectDepAndArDateViewModel.swift */ = {isa = PBXFileReference; lastKnownFileType = sourcecode.swift; path = SelectDepAndArDateViewModel.swift; sourceTree = "<group>"; };
		7D168C982A30689C0063A7C8 /* SelectPassangerView.swift */ = {isa = PBXFileReference; lastKnownFileType = sourcecode.swift; path = SelectPassangerView.swift; sourceTree = "<group>"; };
		7D168C9A2A307F8D0063A7C8 /* SelectPasangerViewModel.swift */ = {isa = PBXFileReference; lastKnownFileType = sourcecode.swift; path = SelectPasangerViewModel.swift; sourceTree = "<group>"; };
		7D24BA292A3CCD9000C99F49 /* PassengerInfo.swift */ = {isa = PBXFileReference; lastKnownFileType = sourcecode.swift; path = PassengerInfo.swift; sourceTree = "<group>"; };
		7D24BA2B2A3CCDEE00C99F49 /* PassengerInfoError.swift */ = {isa = PBXFileReference; lastKnownFileType = sourcecode.swift; path = PassengerInfoError.swift; sourceTree = "<group>"; };
		7D27E0D42A3C4D1200E530FA /* PhoneNumberError.swift */ = {isa = PBXFileReference; lastKnownFileType = sourcecode.swift; path = PhoneNumberError.swift; sourceTree = "<group>"; };
		7D2FBDBD2A321C2200BB6E37 /* FlightTicket.swift */ = {isa = PBXFileReference; lastKnownFileType = sourcecode.swift; path = FlightTicket.swift; sourceTree = "<group>"; };
		7D2FBDC02A321DE100BB6E37 /* FlightTicketService.swift */ = {isa = PBXFileReference; lastKnownFileType = sourcecode.swift; path = FlightTicketService.swift; sourceTree = "<group>"; };
		7D35B0C52A3DB08C0002F061 /* CardInfoError.swift */ = {isa = PBXFileReference; lastKnownFileType = sourcecode.swift; path = CardInfoError.swift; sourceTree = "<group>"; };
		7D39B5C42A292A8E006C7A96 /* FlightView.swift */ = {isa = PBXFileReference; lastKnownFileType = sourcecode.swift; path = FlightView.swift; sourceTree = "<group>"; };
		7D3B485A2A373C2B002DC90C /* FlightTicketCell.swift */ = {isa = PBXFileReference; lastKnownFileType = sourcecode.swift; path = FlightTicketCell.swift; sourceTree = "<group>"; };
		7D3B48602A373DED002DC90C /* FlightTicketReturnView.swift */ = {isa = PBXFileReference; lastKnownFileType = sourcecode.swift; path = FlightTicketReturnView.swift; sourceTree = "<group>"; };
		7D3B48662A373F0E002DC90C /* FlightInfoView.swift */ = {isa = PBXFileReference; lastKnownFileType = sourcecode.swift; path = FlightInfoView.swift; sourceTree = "<group>"; };
		7D3B486B2A379102002DC90C /* PassengerAndPayInfo.swift */ = {isa = PBXFileReference; lastKnownFileType = sourcecode.swift; path = PassengerAndPayInfo.swift; sourceTree = "<group>"; };
		7D3D35F32A38A049001DE980 /* TimesOfDay.swift */ = {isa = PBXFileReference; lastKnownFileType = sourcecode.swift; path = TimesOfDay.swift; sourceTree = "<group>"; };
		7D3D35F52A38AC3E001DE980 /* Extension+FlightViewModel.swift */ = {isa = PBXFileReference; lastKnownFileType = sourcecode.swift; path = "Extension+FlightViewModel.swift"; sourceTree = "<group>"; };
		7D3D35FC2A38AE44001DE980 /* Extension+FlightTicketSearchViewModel.swift */ = {isa = PBXFileReference; lastKnownFileType = sourcecode.swift; path = "Extension+FlightTicketSearchViewModel.swift"; sourceTree = "<group>"; };
		7D4394352A28B3D600BDAB65 /* TravelApp.app */ = {isa = PBXFileReference; explicitFileType = wrapper.application; includeInIndex = 0; path = TravelApp.app; sourceTree = BUILT_PRODUCTS_DIR; };
		7D4394382A28B3D600BDAB65 /* TravelAppApp.swift */ = {isa = PBXFileReference; lastKnownFileType = sourcecode.swift; path = TravelAppApp.swift; sourceTree = "<group>"; };
		7D43943C2A28B3D700BDAB65 /* Assets.xcassets */ = {isa = PBXFileReference; lastKnownFileType = folder.assetcatalog; path = Assets.xcassets; sourceTree = "<group>"; };
		7D43943F2A28B3D700BDAB65 /* Preview Assets.xcassets */ = {isa = PBXFileReference; lastKnownFileType = folder.assetcatalog; path = "Preview Assets.xcassets"; sourceTree = "<group>"; };
		7D4394452A28B3D700BDAB65 /* TravelAppTests.xctest */ = {isa = PBXFileReference; explicitFileType = wrapper.cfbundle; includeInIndex = 0; path = TravelAppTests.xctest; sourceTree = BUILT_PRODUCTS_DIR; };
		7D43944F2A28B3D700BDAB65 /* TravelAppUITests.xctest */ = {isa = PBXFileReference; explicitFileType = wrapper.cfbundle; includeInIndex = 0; path = TravelAppUITests.xctest; sourceTree = BUILT_PRODUCTS_DIR; };
		7D4394532A28B3D700BDAB65 /* TravelAppUITests.swift */ = {isa = PBXFileReference; lastKnownFileType = sourcecode.swift; path = TravelAppUITests.swift; sourceTree = "<group>"; };
		7D4394552A28B3D700BDAB65 /* TravelAppUITestsLaunchTests.swift */ = {isa = PBXFileReference; lastKnownFileType = sourcecode.swift; path = TravelAppUITestsLaunchTests.swift; sourceTree = "<group>"; };
		7D4394682A28BB7300BDAB65 /* Extension.swift */ = {isa = PBXFileReference; lastKnownFileType = sourcecode.swift; path = Extension.swift; sourceTree = "<group>"; };
		7D43946C2A28C44800BDAB65 /* HomeView.swift */ = {isa = PBXFileReference; lastKnownFileType = sourcecode.swift; path = HomeView.swift; sourceTree = "<group>"; };
		7D45E4FB2A30C414001D388A /* SelectedPassengerViewModelTest.swift */ = {isa = PBXFileReference; lastKnownFileType = sourcecode.swift; path = SelectedPassengerViewModelTest.swift; sourceTree = "<group>"; };
		7D67C1132A30FDB300B6B14F /* FilterView.swift */ = {isa = PBXFileReference; lastKnownFileType = sourcecode.swift; path = FilterView.swift; sourceTree = "<group>"; };
		7D67C1192A3105A400B6B14F /* ClassRow.swift */ = {isa = PBXFileReference; lastKnownFileType = sourcecode.swift; path = ClassRow.swift; sourceTree = "<group>"; };
		7D67C11C2A31093B00B6B14F /* FlightTicketDeptureView.swift */ = {isa = PBXFileReference; lastKnownFileType = sourcecode.swift; path = FlightTicketDeptureView.swift; sourceTree = "<group>"; };
		7D67C1202A31096800B6B14F /* FlightTicketSearchViewModel.swift */ = {isa = PBXFileReference; lastKnownFileType = sourcecode.swift; path = FlightTicketSearchViewModel.swift; sourceTree = "<group>"; };
		7D67C1242A3117F400B6B14F /* FlightTicketSearchViewModelUnitTest.swift */ = {isa = PBXFileReference; lastKnownFileType = sourcecode.swift; path = FlightTicketSearchViewModelUnitTest.swift; sourceTree = "<group>"; };
		7D6D81662A2F9C06001FDBAF /* Extension+HomeView.swift */ = {isa = PBXFileReference; lastKnownFileType = sourcecode.swift; path = "Extension+HomeView.swift"; sourceTree = "<group>"; };
		7D6D81682A2FABDB001FDBAF /* SelectArrvivelDate.swift */ = {isa = PBXFileReference; lastKnownFileType = sourcecode.swift; path = SelectArrvivelDate.swift; sourceTree = "<group>"; };
		7D741B012A2E1E04004357A4 /* DataResult.swift */ = {isa = PBXFileReference; lastKnownFileType = sourcecode.swift; path = DataResult.swift; sourceTree = "<group>"; };
		7D741B032A2E1E19004357A4 /* RequestType.swift */ = {isa = PBXFileReference; lastKnownFileType = sourcecode.swift; path = RequestType.swift; sourceTree = "<group>"; };
		7D741B052A2E1E2C004357A4 /* Network.swift */ = {isa = PBXFileReference; lastKnownFileType = sourcecode.swift; path = Network.swift; sourceTree = "<group>"; };
		7D741B072A2E1E3E004357A4 /* ServiceManager.swift */ = {isa = PBXFileReference; lastKnownFileType = sourcecode.swift; path = ServiceManager.swift; sourceTree = "<group>"; };
		7D741B0A2A2E1E6B004357A4 /* FlightService.swift */ = {isa = PBXFileReference; lastKnownFileType = sourcecode.swift; path = FlightService.swift; sourceTree = "<group>"; };
		7D741B0C2A2E2195004357A4 /* Info.plist */ = {isa = PBXFileReference; lastKnownFileType = text.plist; path = Info.plist; sourceTree = "<group>"; };
		7D741B122A2E2EB4004357A4 /* FlightViewModelTest.swift */ = {isa = PBXFileReference; lastKnownFileType = sourcecode.swift; path = FlightViewModelTest.swift; sourceTree = "<group>"; };
		7DA1505D2A3C580C002307D9 /* PassengerAndPayViewUnitTest.swift */ = {isa = PBXFileReference; lastKnownFileType = sourcecode.swift; path = PassengerAndPayViewUnitTest.swift; sourceTree = "<group>"; };
		7DA150622A3C6228002307D9 /* EmailError.swift */ = {isa = PBXFileReference; lastKnownFileType = sourcecode.swift; path = EmailError.swift; sourceTree = "<group>"; };
		7DC85BE12A2A8E3900AB46E3 /* SelectFromLocationView.swift */ = {isa = PBXFileReference; lastKnownFileType = sourcecode.swift; path = SelectFromLocationView.swift; sourceTree = "<group>"; };
		7DC85BE72A2A913200AB46E3 /* Flight.swift */ = {isa = PBXFileReference; lastKnownFileType = sourcecode.swift; path = Flight.swift; sourceTree = "<group>"; };
		7DC85BEA2A2A97A200AB46E3 /* FlightViewModel.swift */ = {isa = PBXFileReference; lastKnownFileType = sourcecode.swift; path = FlightViewModel.swift; sourceTree = "<group>"; };
		7DD020D22A39EF070048AB04 /* FlightInfoViewModel.swift */ = {isa = PBXFileReference; lastKnownFileType = sourcecode.swift; path = FlightInfoViewModel.swift; sourceTree = "<group>"; };
		7DD020D42A3A048A0048AB04 /* PassengerAndPayInfoViewModel.swift */ = {isa = PBXFileReference; lastKnownFileType = sourcecode.swift; path = PassengerAndPayInfoViewModel.swift; sourceTree = "<group>"; };
		7DD020D92A3A095C0048AB04 /* countryPhoneCode.json */ = {isa = PBXFileReference; fileEncoding = 4; lastKnownFileType = text.json; path = countryPhoneCode.json; sourceTree = "<group>"; };
		7DD020DC2A3A0C970048AB04 /* FilePath.swift */ = {isa = PBXFileReference; lastKnownFileType = sourcecode.swift; path = FilePath.swift; sourceTree = "<group>"; };
		7DD020E02A3A0E710048AB04 /* JsonServiceManager.swift */ = {isa = PBXFileReference; lastKnownFileType = sourcecode.swift; path = JsonServiceManager.swift; sourceTree = "<group>"; };
		7DD020E32A3A12160048AB04 /* CountryPhoneCode.swift */ = {isa = PBXFileReference; lastKnownFileType = sourcecode.swift; path = CountryPhoneCode.swift; sourceTree = "<group>"; };
		7DDD6D4B2A33C6260003C478 /* SelectToLocationView.swift */ = {isa = PBXFileReference; lastKnownFileType = sourcecode.swift; path = SelectToLocationView.swift; sourceTree = "<group>"; };
		7DDD6D4D2A33C6B80003C478 /* Extension+SelectToLocationView.swift */ = {isa = PBXFileReference; lastKnownFileType = sourcecode.swift; path = "Extension+SelectToLocationView.swift"; sourceTree = "<group>"; };
		7DE1C6F82A2CADEB00A0DD79 /* Extension+SelectionFromToView.swift */ = {isa = PBXFileReference; lastKnownFileType = sourcecode.swift; path = "Extension+SelectionFromToView.swift"; sourceTree = "<group>"; };
/* End PBXFileReference section */

/* Begin PBXFrameworksBuildPhase section */
		7D4394322A28B3D600BDAB65 /* Frameworks */ = {
			isa = PBXFrameworksBuildPhase;
			buildActionMask = 2147483647;
			files = (
				7D4394672A28BB5300BDAB65 /* SlidingTabView in Frameworks */,
			);
			runOnlyForDeploymentPostprocessing = 0;
		};
		7D4394422A28B3D700BDAB65 /* Frameworks */ = {
			isa = PBXFrameworksBuildPhase;
			buildActionMask = 2147483647;
			files = (
			);
			runOnlyForDeploymentPostprocessing = 0;
		};
		7D43944C2A28B3D700BDAB65 /* Frameworks */ = {
			isa = PBXFrameworksBuildPhase;
			buildActionMask = 2147483647;
			files = (
			);
			runOnlyForDeploymentPostprocessing = 0;
		};
/* End PBXFrameworksBuildPhase section */

/* Begin PBXGroup section */
		7D1228412A2F6300003FD3EE /* part */ = {
			isa = PBXGroup;
			children = (
				7DDD6D4A2A33C5F30003C478 /* to */,
				7D67C1122A30FDA300B6B14F /* filter */,
				7D168C972A3068850063A7C8 /* passenger */,
				7D168C962A3064B00063A7C8 /* date */,
				7D168C952A30649E0063A7C8 /* from */,
			);
			path = part;
			sourceTree = "<group>";
		};
		7D168C952A30649E0063A7C8 /* from */ = {
			isa = PBXGroup;
			children = (
				7DE1C6F82A2CADEB00A0DD79 /* Extension+SelectionFromToView.swift */,
				7DC85BE12A2A8E3900AB46E3 /* SelectFromLocationView.swift */,
			);
			path = from;
			sourceTree = "<group>";
		};
		7D168C962A3064B00063A7C8 /* date */ = {
			isa = PBXGroup;
			children = (
				7D1228432A2F6355003FD3EE /* SelectDepartureDate.swift */,
				7D6D81682A2FABDB001FDBAF /* SelectArrvivelDate.swift */,
			);
			path = date;
			sourceTree = "<group>";
		};
		7D168C972A3068850063A7C8 /* passenger */ = {
			isa = PBXGroup;
			children = (
				7D168C982A30689C0063A7C8 /* SelectPassangerView.swift */,
			);
			path = passenger;
			sourceTree = "<group>";
		};
		7D24BA282A3CCD8200C99F49 /* model */ = {
			isa = PBXGroup;
			children = (
				7D24BA292A3CCD9000C99F49 /* PassengerInfo.swift */,
			);
			path = model;
			sourceTree = "<group>";
		};
		7D2FBDBC2A321C0E00BB6E37 /* model */ = {
			isa = PBXGroup;
			children = (
				7D2FBDBD2A321C2200BB6E37 /* FlightTicket.swift */,
			);
			path = model;
			sourceTree = "<group>";
		};
		7D2FBDBF2A321DD000BB6E37 /* service */ = {
			isa = PBXGroup;
			children = (
				7D2FBDC02A321DE100BB6E37 /* FlightTicketService.swift */,
			);
			path = service;
			sourceTree = "<group>";
		};
		7D39B5C32A292A77006C7A96 /* Flight */ = {
			isa = PBXGroup;
			children = (
				7D741B092A2E1E57004357A4 /* service */,
				7DC85BE92A2A979400AB46E3 /* viewModel */,
				7DC85BE62A2A911200AB46E3 /* model */,
				7DC85BE52A2A910A00AB46E3 /* view */,
			);
			path = Flight;
			sourceTree = "<group>";
		};
		7D3B48572A373C04002DC90C /* cell */ = {
			isa = PBXGroup;
			children = (
				7D3B485A2A373C2B002DC90C /* FlightTicketCell.swift */,
			);
			path = cell;
			sourceTree = "<group>";
		};
		7D3B485C2A373D66002DC90C /* depture */ = {
			isa = PBXGroup;
			children = (
				7D3B48572A373C04002DC90C /* cell */,
				7D67C11C2A31093B00B6B14F /* FlightTicketDeptureView.swift */,
			);
			path = depture;
			sourceTree = "<group>";
		};
		7D3B485D2A373D6F002DC90C /* return */ = {
			isa = PBXGroup;
			children = (
				7D3B48602A373DED002DC90C /* FlightTicketReturnView.swift */,
			);
			path = return;
			sourceTree = "<group>";
		};
		7D3B48652A373EF8002DC90C /* FlightInfo */ = {
			isa = PBXGroup;
			children = (
				7D3D35F02A388DCF001DE980 /* viewModel */,
				7D3D35EF2A388DC5001DE980 /* view */,
			);
			path = FlightInfo;
			sourceTree = "<group>";
		};
		7D3B48682A378F19002DC90C /* PassengerAndPayInfo */ = {
			isa = PBXGroup;
			children = (
				7D24BA282A3CCD8200C99F49 /* model */,
				7DA150612A3C608B002307D9 /* error */,
				7DA150602A3C6083002307D9 /* view */,
				7DA1505F2A3C6079002307D9 /* viewModel */,
			);
			path = PassengerAndPayInfo;
			sourceTree = "<group>";
		};
		7D3D35EF2A388DC5001DE980 /* view */ = {
			isa = PBXGroup;
			children = (
				7D3B48662A373F0E002DC90C /* FlightInfoView.swift */,
			);
			path = view;
			sourceTree = "<group>";
		};
		7D3D35F02A388DCF001DE980 /* viewModel */ = {
			isa = PBXGroup;
			children = (
				7DD020D22A39EF070048AB04 /* FlightInfoViewModel.swift */,
			);
			path = viewModel;
			sourceTree = "<group>";
		};
		7D3D35F92A38AD51001DE980 /* row */ = {
			isa = PBXGroup;
			children = (
				7D67C1192A3105A400B6B14F /* ClassRow.swift */,
				7D3D35F32A38A049001DE980 /* TimesOfDay.swift */,
			);
			path = row;
			sourceTree = "<group>";
		};
		7D3D35FB2A38AE0A001DE980 /* filter */ = {
			isa = PBXGroup;
			children = (
				7D3D35F92A38AD51001DE980 /* row */,
				7D67C1132A30FDB300B6B14F /* FilterView.swift */,
			);
			path = filter;
			sourceTree = "<group>";
		};
		7D43942C2A28B3D500BDAB65 = {
			isa = PBXGroup;
			children = (
				7D4394372A28B3D600BDAB65 /* TravelApp */,
				7D4394482A28B3D700BDAB65 /* TravelAppTests */,
				7D4394522A28B3D700BDAB65 /* TravelAppUITests */,
				7D4394362A28B3D600BDAB65 /* Products */,
			);
			sourceTree = "<group>";
		};
		7D4394362A28B3D600BDAB65 /* Products */ = {
			isa = PBXGroup;
			children = (
				7D4394352A28B3D600BDAB65 /* TravelApp.app */,
				7D4394452A28B3D700BDAB65 /* TravelAppTests.xctest */,
				7D43944F2A28B3D700BDAB65 /* TravelAppUITests.xctest */,
			);
			name = Products;
			sourceTree = "<group>";
		};
		7D4394372A28B3D600BDAB65 /* TravelApp */ = {
			isa = PBXGroup;
			children = (
				7D3B48682A378F19002DC90C /* PassengerAndPayInfo */,
				7D3B48652A373EF8002DC90C /* FlightInfo */,
				7D741B0C2A2E2195004357A4 /* Info.plist */,
				7D4394682A28BB7300BDAB65 /* Extension.swift */,
				7D67C11B2A31092700B6B14F /* FlightTicket */,
				7D741AFF2A2E1DEB004357A4 /* Manager */,
				7D39B5C32A292A77006C7A96 /* Flight */,
				7DD404BC2A28C57E00F63A00 /* Home */,
				7D4394382A28B3D600BDAB65 /* TravelAppApp.swift */,
				7D43943C2A28B3D700BDAB65 /* Assets.xcassets */,
				7D43943E2A28B3D700BDAB65 /* Preview Content */,
			);
			path = TravelApp;
			sourceTree = "<group>";
		};
		7D43943E2A28B3D700BDAB65 /* Preview Content */ = {
			isa = PBXGroup;
			children = (
				7D43943F2A28B3D700BDAB65 /* Preview Assets.xcassets */,
			);
			path = "Preview Content";
			sourceTree = "<group>";
		};
		7D4394482A28B3D700BDAB65 /* TravelAppTests */ = {
			isa = PBXGroup;
			children = (
				7D741B122A2E2EB4004357A4 /* FlightViewModelTest.swift */,
				7D45E4FB2A30C414001D388A /* SelectedPassengerViewModelTest.swift */,
				7D67C1242A3117F400B6B14F /* FlightTicketSearchViewModelUnitTest.swift */,
				7DA1505D2A3C580C002307D9 /* PassengerAndPayViewUnitTest.swift */,
			);
			path = TravelAppTests;
			sourceTree = "<group>";
		};
		7D4394522A28B3D700BDAB65 /* TravelAppUITests */ = {
			isa = PBXGroup;
			children = (
				7D4394532A28B3D700BDAB65 /* TravelAppUITests.swift */,
				7D4394552A28B3D700BDAB65 /* TravelAppUITestsLaunchTests.swift */,
			);
			path = TravelAppUITests;
			sourceTree = "<group>";
		};
		7D67C1122A30FDA300B6B14F /* filter */ = {
			isa = PBXGroup;
			children = (
			);
			path = filter;
			sourceTree = "<group>";
		};
		7D67C11B2A31092700B6B14F /* FlightTicket */ = {
			isa = PBXGroup;
			children = (
				7D2FBDBF2A321DD000BB6E37 /* service */,
				7D2FBDBC2A321C0E00BB6E37 /* model */,
				7D67C11F2A31094B00B6B14F /* viewModel */,
				7D67C11E2A31094400B6B14F /* view */,
			);
			path = FlightTicket;
			sourceTree = "<group>";
		};
		7D67C11E2A31094400B6B14F /* view */ = {
			isa = PBXGroup;
			children = (
				7D3D35FB2A38AE0A001DE980 /* filter */,
				7D3B485D2A373D6F002DC90C /* return */,
				7D3B485C2A373D66002DC90C /* depture */,
			);
			path = view;
			sourceTree = "<group>";
		};
		7D67C11F2A31094B00B6B14F /* viewModel */ = {
			isa = PBXGroup;
			children = (
				7D67C1202A31096800B6B14F /* FlightTicketSearchViewModel.swift */,
				7D3D35FC2A38AE44001DE980 /* Extension+FlightTicketSearchViewModel.swift */,
			);
			path = viewModel;
			sourceTree = "<group>";
		};
		7D741AFF2A2E1DEB004357A4 /* Manager */ = {
			isa = PBXGroup;
			children = (
				7DD020DB2A3A0A9C0048AB04 /* apiData */,
				7DD020D82A3A094F0048AB04 /* jsonData */,
			);
			path = Manager;
			sourceTree = "<group>";
		};
		7D741B002A2E1DF7004357A4 /* model */ = {
			isa = PBXGroup;
			children = (
				7D741B012A2E1E04004357A4 /* DataResult.swift */,
			);
			path = model;
			sourceTree = "<group>";
		};
		7D741B092A2E1E57004357A4 /* service */ = {
			isa = PBXGroup;
			children = (
				7D741B0A2A2E1E6B004357A4 /* FlightService.swift */,
			);
			path = service;
			sourceTree = "<group>";
		};
		7DA1505F2A3C6079002307D9 /* viewModel */ = {
			isa = PBXGroup;
			children = (
				7DD020D42A3A048A0048AB04 /* PassengerAndPayInfoViewModel.swift */,
			);
			path = viewModel;
			sourceTree = "<group>";
		};
		7DA150602A3C6083002307D9 /* view */ = {
			isa = PBXGroup;
			children = (
				7D3B486B2A379102002DC90C /* PassengerAndPayInfo.swift */,
			);
			path = view;
			sourceTree = "<group>";
		};
		7DA150612A3C608B002307D9 /* error */ = {
			isa = PBXGroup;
			children = (
				7D27E0D42A3C4D1200E530FA /* PhoneNumberError.swift */,
				7DA150622A3C6228002307D9 /* EmailError.swift */,
				7D24BA2B2A3CCDEE00C99F49 /* PassengerInfoError.swift */,
				7D35B0C52A3DB08C0002F061 /* CardInfoError.swift */,
			);
			path = error;
			sourceTree = "<group>";
		};
		7DC85BE52A2A910A00AB46E3 /* view */ = {
			isa = PBXGroup;
			children = (
				7D1228412A2F6300003FD3EE /* part */,
				7D39B5C42A292A8E006C7A96 /* FlightView.swift */,
			);
			path = view;
			sourceTree = "<group>";
		};
		7DC85BE62A2A911200AB46E3 /* model */ = {
			isa = PBXGroup;
			children = (
				7DC85BE72A2A913200AB46E3 /* Flight.swift */,
			);
			path = model;
			sourceTree = "<group>";
		};
		7DC85BE92A2A979400AB46E3 /* viewModel */ = {
			isa = PBXGroup;
			children = (
				7DC85BEA2A2A97A200AB46E3 /* FlightViewModel.swift */,
				7D1228452A2F75F3003FD3EE /* SelectDepAndArDateViewModel.swift */,
				7D168C9A2A307F8D0063A7C8 /* SelectPasangerViewModel.swift */,
				7D3D35F52A38AC3E001DE980 /* Extension+FlightViewModel.swift */,
			);
			path = viewModel;
			sourceTree = "<group>";
		};
		7DD020D82A3A094F0048AB04 /* jsonData */ = {
			isa = PBXGroup;
			children = (
				7DD020D92A3A095C0048AB04 /* countryPhoneCode.json */,
				7DD020DC2A3A0C970048AB04 /* FilePath.swift */,
				7DD020E02A3A0E710048AB04 /* JsonServiceManager.swift */,
				7DD020E32A3A12160048AB04 /* CountryPhoneCode.swift */,
			);
			path = jsonData;
			sourceTree = "<group>";
		};
		7DD020DB2A3A0A9C0048AB04 /* apiData */ = {
			isa = PBXGroup;
			children = (
				7D741B002A2E1DF7004357A4 /* model */,
				7D741B032A2E1E19004357A4 /* RequestType.swift */,
				7D741B072A2E1E3E004357A4 /* ServiceManager.swift */,
				7D741B052A2E1E2C004357A4 /* Network.swift */,
			);
			path = apiData;
			sourceTree = "<group>";
		};
		7DD404BC2A28C57E00F63A00 /* Home */ = {
			isa = PBXGroup;
			children = (
				7D43946C2A28C44800BDAB65 /* HomeView.swift */,
				7D6D81662A2F9C06001FDBAF /* Extension+HomeView.swift */,
			);
			path = Home;
			sourceTree = "<group>";
		};
		7DDD6D4A2A33C5F30003C478 /* to */ = {
			isa = PBXGroup;
			children = (
				7DDD6D4B2A33C6260003C478 /* SelectToLocationView.swift */,
				7DDD6D4D2A33C6B80003C478 /* Extension+SelectToLocationView.swift */,
			);
			path = to;
			sourceTree = "<group>";
		};
/* End PBXGroup section */

/* Begin PBXNativeTarget section */
		7D4394342A28B3D600BDAB65 /* TravelApp */ = {
			isa = PBXNativeTarget;
			buildConfigurationList = 7D4394592A28B3D700BDAB65 /* Build configuration list for PBXNativeTarget "TravelApp" */;
			buildPhases = (
				7D4394312A28B3D600BDAB65 /* Sources */,
				7D4394322A28B3D600BDAB65 /* Frameworks */,
				7D4394332A28B3D600BDAB65 /* Resources */,
			);
			buildRules = (
			);
			dependencies = (
			);
			name = TravelApp;
			packageProductDependencies = (
				7D4394662A28BB5300BDAB65 /* SlidingTabView */,
			);
			productName = TravelApp;
			productReference = 7D4394352A28B3D600BDAB65 /* TravelApp.app */;
			productType = "com.apple.product-type.application";
		};
		7D4394442A28B3D700BDAB65 /* TravelAppTests */ = {
			isa = PBXNativeTarget;
			buildConfigurationList = 7D43945C2A28B3D700BDAB65 /* Build configuration list for PBXNativeTarget "TravelAppTests" */;
			buildPhases = (
				7D4394412A28B3D700BDAB65 /* Sources */,
				7D4394422A28B3D700BDAB65 /* Frameworks */,
				7D4394432A28B3D700BDAB65 /* Resources */,
			);
			buildRules = (
			);
			dependencies = (
				7D4394472A28B3D700BDAB65 /* PBXTargetDependency */,
			);
			name = TravelAppTests;
			productName = TravelAppTests;
			productReference = 7D4394452A28B3D700BDAB65 /* TravelAppTests.xctest */;
			productType = "com.apple.product-type.bundle.unit-test";
		};
		7D43944E2A28B3D700BDAB65 /* TravelAppUITests */ = {
			isa = PBXNativeTarget;
			buildConfigurationList = 7D43945F2A28B3D700BDAB65 /* Build configuration list for PBXNativeTarget "TravelAppUITests" */;
			buildPhases = (
				7D43944B2A28B3D700BDAB65 /* Sources */,
				7D43944C2A28B3D700BDAB65 /* Frameworks */,
				7D43944D2A28B3D700BDAB65 /* Resources */,
			);
			buildRules = (
			);
			dependencies = (
				7D4394512A28B3D700BDAB65 /* PBXTargetDependency */,
			);
			name = TravelAppUITests;
			productName = TravelAppUITests;
			productReference = 7D43944F2A28B3D700BDAB65 /* TravelAppUITests.xctest */;
			productType = "com.apple.product-type.bundle.ui-testing";
		};
/* End PBXNativeTarget section */

/* Begin PBXProject section */
		7D43942D2A28B3D500BDAB65 /* Project object */ = {
			isa = PBXProject;
			attributes = {
				BuildIndependentTargetsInParallel = 1;
				LastSwiftUpdateCheck = 1400;
				LastUpgradeCheck = 1400;
				TargetAttributes = {
					7D4394342A28B3D600BDAB65 = {
						CreatedOnToolsVersion = 14.0.1;
					};
					7D4394442A28B3D700BDAB65 = {
						CreatedOnToolsVersion = 14.0.1;
						LastSwiftMigration = 1400;
						TestTargetID = 7D4394342A28B3D600BDAB65;
					};
					7D43944E2A28B3D700BDAB65 = {
						CreatedOnToolsVersion = 14.0.1;
						TestTargetID = 7D4394342A28B3D600BDAB65;
					};
				};
			};
			buildConfigurationList = 7D4394302A28B3D500BDAB65 /* Build configuration list for PBXProject "TravelApp" */;
			compatibilityVersion = "Xcode 14.0";
			developmentRegion = en;
			hasScannedForEncodings = 0;
			knownRegions = (
				en,
				Base,
			);
			mainGroup = 7D43942C2A28B3D500BDAB65;
			packageReferences = (
				7D4394652A28BB5300BDAB65 /* XCRemoteSwiftPackageReference "SlidingTabView" */,
			);
			productRefGroup = 7D4394362A28B3D600BDAB65 /* Products */;
			projectDirPath = "";
			projectRoot = "";
			targets = (
				7D4394342A28B3D600BDAB65 /* TravelApp */,
				7D4394442A28B3D700BDAB65 /* TravelAppTests */,
				7D43944E2A28B3D700BDAB65 /* TravelAppUITests */,
			);
		};
/* End PBXProject section */

/* Begin PBXResourcesBuildPhase section */
		7D4394332A28B3D600BDAB65 /* Resources */ = {
			isa = PBXResourcesBuildPhase;
			buildActionMask = 2147483647;
			files = (
				7D4394402A28B3D700BDAB65 /* Preview Assets.xcassets in Resources */,
				7D43943D2A28B3D700BDAB65 /* Assets.xcassets in Resources */,
				7DD020DA2A3A095C0048AB04 /* countryPhoneCode.json in Resources */,
			);
			runOnlyForDeploymentPostprocessing = 0;
		};
		7D4394432A28B3D700BDAB65 /* Resources */ = {
			isa = PBXResourcesBuildPhase;
			buildActionMask = 2147483647;
			files = (
			);
			runOnlyForDeploymentPostprocessing = 0;
		};
		7D43944D2A28B3D700BDAB65 /* Resources */ = {
			isa = PBXResourcesBuildPhase;
			buildActionMask = 2147483647;
			files = (
			);
			runOnlyForDeploymentPostprocessing = 0;
		};
/* End PBXResourcesBuildPhase section */

/* Begin PBXSourcesBuildPhase section */
		7D4394312A28B3D600BDAB65 /* Sources */ = {
			isa = PBXSourcesBuildPhase;
			buildActionMask = 2147483647;
			files = (
				7DC85BE22A2A8E3900AB46E3 /* SelectFromLocationView.swift in Sources */,
				7D3D35FD2A38AE44001DE980 /* Extension+FlightTicketSearchViewModel.swift in Sources */,
				7D24BA2A2A3CCD9000C99F49 /* PassengerInfo.swift in Sources */,
				7D39B5C52A292A8E006C7A96 /* FlightView.swift in Sources */,
				7DD020E12A3A0E710048AB04 /* JsonServiceManager.swift in Sources */,
				7D6D81692A2FABDB001FDBAF /* SelectArrvivelDate.swift in Sources */,
				7D35B0C62A3DB08C0002F061 /* CardInfoError.swift in Sources */,
				7DDD6D4E2A33C6B80003C478 /* Extension+SelectToLocationView.swift in Sources */,
				7D2FBDC12A321DE100BB6E37 /* FlightTicketService.swift in Sources */,
				7D24BA2C2A3CCDEE00C99F49 /* PassengerInfoError.swift in Sources */,
				7DA150632A3C6228002307D9 /* EmailError.swift in Sources */,
				7D3B486C2A379102002DC90C /* PassengerAndPayInfo.swift in Sources */,
				7DC85BEB2A2A97A200AB46E3 /* FlightViewModel.swift in Sources */,
				7D741B022A2E1E04004357A4 /* DataResult.swift in Sources */,
				7D1228442A2F6355003FD3EE /* SelectDepartureDate.swift in Sources */,
				7D67C11A2A3105A400B6B14F /* ClassRow.swift in Sources */,
				7D3D35F62A38AC3E001DE980 /* Extension+FlightViewModel.swift in Sources */,
				7DDD6D4C2A33C6260003C478 /* SelectToLocationView.swift in Sources */,
				7D4394392A28B3D600BDAB65 /* TravelAppApp.swift in Sources */,
				7DD020D52A3A048A0048AB04 /* PassengerAndPayInfoViewModel.swift in Sources */,
				7DD020D32A39EF080048AB04 /* FlightInfoViewModel.swift in Sources */,
				7D741B062A2E1E2C004357A4 /* Network.swift in Sources */,
				7D43946D2A28C44800BDAB65 /* HomeView.swift in Sources */,
				7D4394692A28BB7300BDAB65 /* Extension.swift in Sources */,
				7D27E0D52A3C4D1200E530FA /* PhoneNumberError.swift in Sources */,
				7D3B485B2A373C2B002DC90C /* FlightTicketCell.swift in Sources */,
				7DE1C6F92A2CADEB00A0DD79 /* Extension+SelectionFromToView.swift in Sources */,
				7D67C1142A30FDB300B6B14F /* FilterView.swift in Sources */,
				7D168C9B2A307F8D0063A7C8 /* SelectPasangerViewModel.swift in Sources */,
				7D741B0B2A2E1E6B004357A4 /* FlightService.swift in Sources */,
				7DC85BE82A2A913200AB46E3 /* Flight.swift in Sources */,
				7D168C992A30689C0063A7C8 /* SelectPassangerView.swift in Sources */,
				7D3B48612A373DED002DC90C /* FlightTicketReturnView.swift in Sources */,
				7D2FBDBE2A321C2200BB6E37 /* FlightTicket.swift in Sources */,
				7D741B042A2E1E19004357A4 /* RequestType.swift in Sources */,
				7D741B082A2E1E3E004357A4 /* ServiceManager.swift in Sources */,
				7DD020DD2A3A0C970048AB04 /* FilePath.swift in Sources */,
				7D67C1212A31096800B6B14F /* FlightTicketSearchViewModel.swift in Sources */,
				7DD020E42A3A12160048AB04 /* CountryPhoneCode.swift in Sources */,
				7D1228462A2F75F3003FD3EE /* SelectDepAndArDateViewModel.swift in Sources */,
				7D6D81672A2F9C06001FDBAF /* Extension+HomeView.swift in Sources */,
				7D3D35F42A38A049001DE980 /* TimesOfDay.swift in Sources */,
				7D67C11D2A31093B00B6B14F /* FlightTicketDeptureView.swift in Sources */,
				7D3B48672A373F0E002DC90C /* FlightInfoView.swift in Sources */,
			);
			runOnlyForDeploymentPostprocessing = 0;
		};
		7D4394412A28B3D700BDAB65 /* Sources */ = {
			isa = PBXSourcesBuildPhase;
			buildActionMask = 2147483647;
			files = (
				7DA1505E2A3C580C002307D9 /* PassengerAndPayViewUnitTest.swift in Sources */,
				7D45E4FC2A30C414001D388A /* SelectedPassengerViewModelTest.swift in Sources */,
				7D741B132A2E2EB4004357A4 /* FlightViewModelTest.swift in Sources */,
				7D67C1252A3117F400B6B14F /* FlightTicketSearchViewModelUnitTest.swift in Sources */,
			);
			runOnlyForDeploymentPostprocessing = 0;
		};
		7D43944B2A28B3D700BDAB65 /* Sources */ = {
			isa = PBXSourcesBuildPhase;
			buildActionMask = 2147483647;
			files = (
				7D4394562A28B3D700BDAB65 /* TravelAppUITestsLaunchTests.swift in Sources */,
				7D4394542A28B3D700BDAB65 /* TravelAppUITests.swift in Sources */,
			);
			runOnlyForDeploymentPostprocessing = 0;
		};
/* End PBXSourcesBuildPhase section */

/* Begin PBXTargetDependency section */
		7D4394472A28B3D700BDAB65 /* PBXTargetDependency */ = {
			isa = PBXTargetDependency;
			target = 7D4394342A28B3D600BDAB65 /* TravelApp */;
			targetProxy = 7D4394462A28B3D700BDAB65 /* PBXContainerItemProxy */;
		};
		7D4394512A28B3D700BDAB65 /* PBXTargetDependency */ = {
			isa = PBXTargetDependency;
			target = 7D4394342A28B3D600BDAB65 /* TravelApp */;
			targetProxy = 7D4394502A28B3D700BDAB65 /* PBXContainerItemProxy */;
		};
/* End PBXTargetDependency section */

/* Begin XCBuildConfiguration section */
		7D4394572A28B3D700BDAB65 /* Debug */ = {
			isa = XCBuildConfiguration;
			buildSettings = {
				ALWAYS_SEARCH_USER_PATHS = NO;
				CLANG_ANALYZER_NONNULL = YES;
				CLANG_ANALYZER_NUMBER_OBJECT_CONVERSION = YES_AGGRESSIVE;
				CLANG_CXX_LANGUAGE_STANDARD = "gnu++20";
				CLANG_ENABLE_MODULES = YES;
				CLANG_ENABLE_OBJC_ARC = YES;
				CLANG_ENABLE_OBJC_WEAK = YES;
				CLANG_WARN_BLOCK_CAPTURE_AUTORELEASING = YES;
				CLANG_WARN_BOOL_CONVERSION = YES;
				CLANG_WARN_COMMA = YES;
				CLANG_WARN_CONSTANT_CONVERSION = YES;
				CLANG_WARN_DEPRECATED_OBJC_IMPLEMENTATIONS = YES;
				CLANG_WARN_DIRECT_OBJC_ISA_USAGE = YES_ERROR;
				CLANG_WARN_DOCUMENTATION_COMMENTS = YES;
				CLANG_WARN_EMPTY_BODY = YES;
				CLANG_WARN_ENUM_CONVERSION = YES;
				CLANG_WARN_INFINITE_RECURSION = YES;
				CLANG_WARN_INT_CONVERSION = YES;
				CLANG_WARN_NON_LITERAL_NULL_CONVERSION = YES;
				CLANG_WARN_OBJC_IMPLICIT_RETAIN_SELF = YES;
				CLANG_WARN_OBJC_LITERAL_CONVERSION = YES;
				CLANG_WARN_OBJC_ROOT_CLASS = YES_ERROR;
				CLANG_WARN_QUOTED_INCLUDE_IN_FRAMEWORK_HEADER = YES;
				CLANG_WARN_RANGE_LOOP_ANALYSIS = YES;
				CLANG_WARN_STRICT_PROTOTYPES = YES;
				CLANG_WARN_SUSPICIOUS_MOVE = YES;
				CLANG_WARN_UNGUARDED_AVAILABILITY = YES_AGGRESSIVE;
				CLANG_WARN_UNREACHABLE_CODE = YES;
				CLANG_WARN__DUPLICATE_METHOD_MATCH = YES;
				COPY_PHASE_STRIP = NO;
				DEBUG_INFORMATION_FORMAT = dwarf;
				ENABLE_STRICT_OBJC_MSGSEND = YES;
				ENABLE_TESTABILITY = YES;
				GCC_C_LANGUAGE_STANDARD = gnu11;
				GCC_DYNAMIC_NO_PIC = NO;
				GCC_NO_COMMON_BLOCKS = YES;
				GCC_OPTIMIZATION_LEVEL = 0;
				GCC_PREPROCESSOR_DEFINITIONS = (
					"DEBUG=1",
					"$(inherited)",
				);
				GCC_WARN_64_TO_32_BIT_CONVERSION = YES;
				GCC_WARN_ABOUT_RETURN_TYPE = YES_ERROR;
				GCC_WARN_UNDECLARED_SELECTOR = YES;
				GCC_WARN_UNINITIALIZED_AUTOS = YES_AGGRESSIVE;
				GCC_WARN_UNUSED_FUNCTION = YES;
				GCC_WARN_UNUSED_VARIABLE = YES;
				IPHONEOS_DEPLOYMENT_TARGET = 16.0;
				MTL_ENABLE_DEBUG_INFO = INCLUDE_SOURCE;
				MTL_FAST_MATH = YES;
				ONLY_ACTIVE_ARCH = YES;
				SDKROOT = iphoneos;
				SWIFT_ACTIVE_COMPILATION_CONDITIONS = DEBUG;
				SWIFT_OPTIMIZATION_LEVEL = "-Onone";
			};
			name = Debug;
		};
		7D4394582A28B3D700BDAB65 /* Release */ = {
			isa = XCBuildConfiguration;
			buildSettings = {
				ALWAYS_SEARCH_USER_PATHS = NO;
				CLANG_ANALYZER_NONNULL = YES;
				CLANG_ANALYZER_NUMBER_OBJECT_CONVERSION = YES_AGGRESSIVE;
				CLANG_CXX_LANGUAGE_STANDARD = "gnu++20";
				CLANG_ENABLE_MODULES = YES;
				CLANG_ENABLE_OBJC_ARC = YES;
				CLANG_ENABLE_OBJC_WEAK = YES;
				CLANG_WARN_BLOCK_CAPTURE_AUTORELEASING = YES;
				CLANG_WARN_BOOL_CONVERSION = YES;
				CLANG_WARN_COMMA = YES;
				CLANG_WARN_CONSTANT_CONVERSION = YES;
				CLANG_WARN_DEPRECATED_OBJC_IMPLEMENTATIONS = YES;
				CLANG_WARN_DIRECT_OBJC_ISA_USAGE = YES_ERROR;
				CLANG_WARN_DOCUMENTATION_COMMENTS = YES;
				CLANG_WARN_EMPTY_BODY = YES;
				CLANG_WARN_ENUM_CONVERSION = YES;
				CLANG_WARN_INFINITE_RECURSION = YES;
				CLANG_WARN_INT_CONVERSION = YES;
				CLANG_WARN_NON_LITERAL_NULL_CONVERSION = YES;
				CLANG_WARN_OBJC_IMPLICIT_RETAIN_SELF = YES;
				CLANG_WARN_OBJC_LITERAL_CONVERSION = YES;
				CLANG_WARN_OBJC_ROOT_CLASS = YES_ERROR;
				CLANG_WARN_QUOTED_INCLUDE_IN_FRAMEWORK_HEADER = YES;
				CLANG_WARN_RANGE_LOOP_ANALYSIS = YES;
				CLANG_WARN_STRICT_PROTOTYPES = YES;
				CLANG_WARN_SUSPICIOUS_MOVE = YES;
				CLANG_WARN_UNGUARDED_AVAILABILITY = YES_AGGRESSIVE;
				CLANG_WARN_UNREACHABLE_CODE = YES;
				CLANG_WARN__DUPLICATE_METHOD_MATCH = YES;
				COPY_PHASE_STRIP = NO;
				DEBUG_INFORMATION_FORMAT = "dwarf-with-dsym";
				ENABLE_NS_ASSERTIONS = NO;
				ENABLE_STRICT_OBJC_MSGSEND = YES;
				GCC_C_LANGUAGE_STANDARD = gnu11;
				GCC_NO_COMMON_BLOCKS = YES;
				GCC_WARN_64_TO_32_BIT_CONVERSION = YES;
				GCC_WARN_ABOUT_RETURN_TYPE = YES_ERROR;
				GCC_WARN_UNDECLARED_SELECTOR = YES;
				GCC_WARN_UNINITIALIZED_AUTOS = YES_AGGRESSIVE;
				GCC_WARN_UNUSED_FUNCTION = YES;
				GCC_WARN_UNUSED_VARIABLE = YES;
				IPHONEOS_DEPLOYMENT_TARGET = 16.0;
				MTL_ENABLE_DEBUG_INFO = NO;
				MTL_FAST_MATH = YES;
				SDKROOT = iphoneos;
				SWIFT_COMPILATION_MODE = wholemodule;
				SWIFT_OPTIMIZATION_LEVEL = "-O";
				VALIDATE_PRODUCT = YES;
			};
			name = Release;
		};
		7D43945A2A28B3D700BDAB65 /* Debug */ = {
			isa = XCBuildConfiguration;
			buildSettings = {
				ASSETCATALOG_COMPILER_APPICON_NAME = AppIcon;
				ASSETCATALOG_COMPILER_GLOBAL_ACCENT_COLOR_NAME = AccentColor;
				CODE_SIGN_STYLE = Automatic;
				CURRENT_PROJECT_VERSION = 1;
				DEVELOPMENT_ASSET_PATHS = "\"TravelApp/Preview Content\"";
				DEVELOPMENT_TEAM = 34G99QRS57;
				ENABLE_PREVIEWS = YES;
				GENERATE_INFOPLIST_FILE = YES;
				INFOPLIST_FILE = TravelApp/Info.plist;
				INFOPLIST_KEY_CFBundleDisplayName = "";
				INFOPLIST_KEY_LSApplicationCategoryType = "public.app-category.travel";
				INFOPLIST_KEY_NSLocalNetworkUsageDescription = "";
				INFOPLIST_KEY_UIApplicationSceneManifest_Generation = YES;
				INFOPLIST_KEY_UIApplicationSupportsIndirectInputEvents = YES;
				INFOPLIST_KEY_UILaunchScreen_Generation = YES;
				INFOPLIST_KEY_UISupportedInterfaceOrientations_iPad = "UIInterfaceOrientationPortrait UIInterfaceOrientationPortraitUpsideDown UIInterfaceOrientationLandscapeLeft UIInterfaceOrientationLandscapeRight";
				INFOPLIST_KEY_UISupportedInterfaceOrientations_iPhone = "UIInterfaceOrientationPortrait UIInterfaceOrientationLandscapeLeft UIInterfaceOrientationLandscapeRight";
				IPHONEOS_DEPLOYMENT_TARGET = 16.0;
				LD_RUNPATH_SEARCH_PATHS = (
					"$(inherited)",
					"@executable_path/Frameworks",
				);
				MARKETING_VERSION = 1.0;
				PRODUCT_BUNDLE_IDENTIFIER = com.engingulek.TravelApp;
				PRODUCT_NAME = "$(TARGET_NAME)";
				SWIFT_EMIT_LOC_STRINGS = YES;
				SWIFT_VERSION = 5.0;
				TARGETED_DEVICE_FAMILY = "1,2";
			};
			name = Debug;
		};
		7D43945B2A28B3D700BDAB65 /* Release */ = {
			isa = XCBuildConfiguration;
			buildSettings = {
				ASSETCATALOG_COMPILER_APPICON_NAME = AppIcon;
				ASSETCATALOG_COMPILER_GLOBAL_ACCENT_COLOR_NAME = AccentColor;
				CODE_SIGN_STYLE = Automatic;
				CURRENT_PROJECT_VERSION = 1;
				DEVELOPMENT_ASSET_PATHS = "\"TravelApp/Preview Content\"";
				DEVELOPMENT_TEAM = 34G99QRS57;
				ENABLE_PREVIEWS = YES;
				GENERATE_INFOPLIST_FILE = YES;
				INFOPLIST_FILE = TravelApp/Info.plist;
				INFOPLIST_KEY_CFBundleDisplayName = "";
				INFOPLIST_KEY_LSApplicationCategoryType = "public.app-category.travel";
				INFOPLIST_KEY_NSLocalNetworkUsageDescription = "";
				INFOPLIST_KEY_UIApplicationSceneManifest_Generation = YES;
				INFOPLIST_KEY_UIApplicationSupportsIndirectInputEvents = YES;
				INFOPLIST_KEY_UILaunchScreen_Generation = YES;
				INFOPLIST_KEY_UISupportedInterfaceOrientations_iPad = "UIInterfaceOrientationPortrait UIInterfaceOrientationPortraitUpsideDown UIInterfaceOrientationLandscapeLeft UIInterfaceOrientationLandscapeRight";
				INFOPLIST_KEY_UISupportedInterfaceOrientations_iPhone = "UIInterfaceOrientationPortrait UIInterfaceOrientationLandscapeLeft UIInterfaceOrientationLandscapeRight";
				IPHONEOS_DEPLOYMENT_TARGET = 16.0;
				LD_RUNPATH_SEARCH_PATHS = (
					"$(inherited)",
					"@executable_path/Frameworks",
				);
				MARKETING_VERSION = 1.0;
				PRODUCT_BUNDLE_IDENTIFIER = com.engingulek.TravelApp;
				PRODUCT_NAME = "$(TARGET_NAME)";
				SWIFT_EMIT_LOC_STRINGS = YES;
				SWIFT_VERSION = 5.0;
				TARGETED_DEVICE_FAMILY = "1,2";
			};
			name = Release;
		};
		7D43945D2A28B3D700BDAB65 /* Debug */ = {
			isa = XCBuildConfiguration;
			buildSettings = {
				ALWAYS_EMBED_SWIFT_STANDARD_LIBRARIES = YES;
				BUNDLE_LOADER = "$(TEST_HOST)";
				CLANG_ENABLE_MODULES = YES;
				CODE_SIGN_STYLE = Automatic;
				CURRENT_PROJECT_VERSION = 1;
				DEVELOPMENT_TEAM = 34G99QRS57;
				GENERATE_INFOPLIST_FILE = YES;
				IPHONEOS_DEPLOYMENT_TARGET = 16.0;
				LD_RUNPATH_SEARCH_PATHS = (
					"$(inherited)",
					"@executable_path/Frameworks",
					"@loader_path/Frameworks",
				);
				MARKETING_VERSION = 1.0;
				PRODUCT_BUNDLE_IDENTIFIER = com.engingulek.TravelAppTests;
				PRODUCT_NAME = "$(TARGET_NAME)";
				SWIFT_EMIT_LOC_STRINGS = NO;
				SWIFT_OPTIMIZATION_LEVEL = "-Onone";
				SWIFT_VERSION = 5.0;
				TARGETED_DEVICE_FAMILY = "1,2";
				TEST_HOST = "$(BUILT_PRODUCTS_DIR)/TravelApp.app/$(BUNDLE_EXECUTABLE_FOLDER_PATH)/TravelApp";
			};
			name = Debug;
		};
		7D43945E2A28B3D700BDAB65 /* Release */ = {
			isa = XCBuildConfiguration;
			buildSettings = {
				ALWAYS_EMBED_SWIFT_STANDARD_LIBRARIES = YES;
				BUNDLE_LOADER = "$(TEST_HOST)";
				CLANG_ENABLE_MODULES = YES;
				CODE_SIGN_STYLE = Automatic;
				CURRENT_PROJECT_VERSION = 1;
				DEVELOPMENT_TEAM = 34G99QRS57;
				GENERATE_INFOPLIST_FILE = YES;
				IPHONEOS_DEPLOYMENT_TARGET = 16.0;
				LD_RUNPATH_SEARCH_PATHS = (
					"$(inherited)",
					"@executable_path/Frameworks",
					"@loader_path/Frameworks",
				);
				MARKETING_VERSION = 1.0;
				PRODUCT_BUNDLE_IDENTIFIER = com.engingulek.TravelAppTests;
				PRODUCT_NAME = "$(TARGET_NAME)";
				SWIFT_EMIT_LOC_STRINGS = NO;
				SWIFT_VERSION = 5.0;
				TARGETED_DEVICE_FAMILY = "1,2";
				TEST_HOST = "$(BUILT_PRODUCTS_DIR)/TravelApp.app/$(BUNDLE_EXECUTABLE_FOLDER_PATH)/TravelApp";
			};
			name = Release;
		};
		7D4394602A28B3D700BDAB65 /* Debug */ = {
			isa = XCBuildConfiguration;
			buildSettings = {
				ALWAYS_EMBED_SWIFT_STANDARD_LIBRARIES = YES;
				CODE_SIGN_STYLE = Automatic;
				CURRENT_PROJECT_VERSION = 1;
				DEVELOPMENT_TEAM = 34G99QRS57;
				GENERATE_INFOPLIST_FILE = YES;
				MARKETING_VERSION = 1.0;
				PRODUCT_BUNDLE_IDENTIFIER = com.engingulek.TravelAppUITests;
				PRODUCT_NAME = "$(TARGET_NAME)";
				SWIFT_EMIT_LOC_STRINGS = NO;
				SWIFT_VERSION = 5.0;
				TARGETED_DEVICE_FAMILY = "1,2";
				TEST_TARGET_NAME = TravelApp;
			};
			name = Debug;
		};
		7D4394612A28B3D700BDAB65 /* Release */ = {
			isa = XCBuildConfiguration;
			buildSettings = {
				ALWAYS_EMBED_SWIFT_STANDARD_LIBRARIES = YES;
				CODE_SIGN_STYLE = Automatic;
				CURRENT_PROJECT_VERSION = 1;
				DEVELOPMENT_TEAM = 34G99QRS57;
				GENERATE_INFOPLIST_FILE = YES;
				MARKETING_VERSION = 1.0;
				PRODUCT_BUNDLE_IDENTIFIER = com.engingulek.TravelAppUITests;
				PRODUCT_NAME = "$(TARGET_NAME)";
				SWIFT_EMIT_LOC_STRINGS = NO;
				SWIFT_VERSION = 5.0;
				TARGETED_DEVICE_FAMILY = "1,2";
				TEST_TARGET_NAME = TravelApp;
			};
			name = Release;
		};
/* End XCBuildConfiguration section */

/* Begin XCConfigurationList section */
		7D4394302A28B3D500BDAB65 /* Build configuration list for PBXProject "TravelApp" */ = {
			isa = XCConfigurationList;
			buildConfigurations = (
				7D4394572A28B3D700BDAB65 /* Debug */,
				7D4394582A28B3D700BDAB65 /* Release */,
			);
			defaultConfigurationIsVisible = 0;
			defaultConfigurationName = Release;
		};
		7D4394592A28B3D700BDAB65 /* Build configuration list for PBXNativeTarget "TravelApp" */ = {
			isa = XCConfigurationList;
			buildConfigurations = (
				7D43945A2A28B3D700BDAB65 /* Debug */,
				7D43945B2A28B3D700BDAB65 /* Release */,
			);
			defaultConfigurationIsVisible = 0;
			defaultConfigurationName = Release;
		};
		7D43945C2A28B3D700BDAB65 /* Build configuration list for PBXNativeTarget "TravelAppTests" */ = {
			isa = XCConfigurationList;
			buildConfigurations = (
				7D43945D2A28B3D700BDAB65 /* Debug */,
				7D43945E2A28B3D700BDAB65 /* Release */,
			);
			defaultConfigurationIsVisible = 0;
			defaultConfigurationName = Release;
		};
		7D43945F2A28B3D700BDAB65 /* Build configuration list for PBXNativeTarget "TravelAppUITests" */ = {
			isa = XCConfigurationList;
			buildConfigurations = (
				7D4394602A28B3D700BDAB65 /* Debug */,
				7D4394612A28B3D700BDAB65 /* Release */,
			);
			defaultConfigurationIsVisible = 0;
			defaultConfigurationName = Release;
		};
/* End XCConfigurationList section */

/* Begin XCRemoteSwiftPackageReference section */
		7D4394652A28BB5300BDAB65 /* XCRemoteSwiftPackageReference "SlidingTabView" */ = {
			isa = XCRemoteSwiftPackageReference;
			repositoryURL = "https://github.com/QuynhNguyen/SlidingTabView";
			requirement = {
				kind = upToNextMajorVersion;
				minimumVersion = 1.0.0;
			};
		};
/* End XCRemoteSwiftPackageReference section */

/* Begin XCSwiftPackageProductDependency section */
		7D4394662A28BB5300BDAB65 /* SlidingTabView */ = {
			isa = XCSwiftPackageProductDependency;
			package = 7D4394652A28BB5300BDAB65 /* XCRemoteSwiftPackageReference "SlidingTabView" */;
			productName = SlidingTabView;
		};
/* End XCSwiftPackageProductDependency section */
	};
	rootObject = 7D43942D2A28B3D500BDAB65 /* Project object */;
}
